
Microsoft Visual Studio Solution File, Format Version 12.00
# Visual Studio Version 17
VisualStudioVersion = 17.0.31808.319
MinimumVisualStudioVersion = 10.0.40219.1
Project("{9A19103F-16F7-4668-BE54-9A1E7A4F7556}") = "Nanocode.Messaging", "src\Nanocode.Messaging\Nanocode.Messaging.csproj", "{62D78D6A-32A4-4ABA-B899-C4C7045F9E2A}"
EndProject
Project("{9A19103F-16F7-4668-BE54-9A1E7A4F7556}") = "Nanocode.Messaging.RabbitMQ", "src\Nanocode.Messaging.RabbitMQ\Nanocode.Messaging.RabbitMQ.csproj", "{AF0A83EC-F8CF-4D5D-977E-774DE51831FE}"
EndProject
Project("{9A19103F-16F7-4668-BE54-9A1E7A4F7556}") = "Nanocode.Messaging.NATS", "src\Nanocode.Messaging.NATS\Nanocode.Messaging.NATS.csproj", "{3FBA1F42-3700-4E60-961D-201A91150740}"
EndProject
Project("{9A19103F-16F7-4668-BE54-9A1E7A4F7556}") = "Nanocode.Messaging.Kafka", "src\Nanocode.Messaging.Kafka\Nanocode.Messaging.Kafka.csproj", "{119EE7F0-08B9-4697-85FF-35A5BD323F45}"
EndProject
Project("{9A19103F-16F7-4668-BE54-9A1E7A4F7556}") = "Nanocode.Messaging.Redis", "src\Nanocode.Messaging.Redis\Nanocode.Messaging.Redis.csproj", "{4AC70F3A-AE19-4AAD-B246-DEEC6ADFAAF9}"
EndProject
Project("{9A19103F-16F7-4668-BE54-9A1E7A4F7556}") = "Nanocode.Messaging.ServiceBus", "src\Nanocode.Messaging.ServiceBus\Nanocode.Messaging.ServiceBus.csproj", "{D3CEEA77-4FE3-456E-A79C-9C8EC3E439EA}"
EndProject
Project("{9A19103F-16F7-4668-BE54-9A1E7A4F7556}") = "Nanocode.Messaging.RabbitMQ.Examples.Consumer", "examples\Nanocode.Messaging.RabbitMQ.Examples.Consumer\Nanocode.Messaging.RabbitMQ.Examples.Consumer.csproj", "{5911F991-2F86-4F6F-8280-939F6CC7BAAD}"
EndProject
Project("{9A19103F-16F7-4668-BE54-9A1E7A4F7556}") = "Nanocode.Messaging.RabbitMQ.Examples.Publisher", "examples\Nanocode.Messaging.RabbitMQ.Examples.Publisher\Nanocode.Messaging.RabbitMQ.Examples.Publisher.csproj", "{63402CEE-954D-4CBE-B385-A8D8A0C40964}"
EndProject
Project("{9A19103F-16F7-4668-BE54-9A1E7A4F7556}") = "Nanocode.Messaging.RabbitMQ.Examples.RpcClient", "examples\Nanocode.Messaging.RabbitMQ.Examples.RpcClient\Nanocode.Messaging.RabbitMQ.Examples.RpcClient.csproj", "{0389C12E-D1A7-49C8-9A01-5B46840657B3}"
EndProject
Project("{9A19103F-16F7-4668-BE54-9A1E7A4F7556}") = "Nanocode.Messaging.RabbitMQ.Examples.RpcServer", "examples\Nanocode.Messaging.RabbitMQ.Examples.RpcServer\Nanocode.Messaging.RabbitMQ.Examples.RpcServer.csproj", "{27377A45-9560-40F3-AD17-CEFB566639E8}"
EndProject
Project("{2150E333-8FDC-42A3-9474-1A3956D46DE8}") = "src", "src", "{86EBD278-60A1-4C4F-8883-789961E28323}"
EndProject
Project("{2150E333-8FDC-42A3-9474-1A3956D46DE8}") = "examples", "examples", "{A293D8B4-3EBD-4890-A72C-630C2D4A301B}"
EndProject
Project("{2150E333-8FDC-42A3-9474-1A3956D46DE8}") = "test", "test", "{FF7CE6CE-3792-4898-AFA8-09BF581D6E5D}"
EndProject
Project("{9A19103F-16F7-4668-BE54-9A1E7A4F7556}") = "Nanocode.Messaging.Tests", "test\Nanocode.Messaging.Tests\Nanocode.Messaging.Tests.csproj", "{6F1ADC25-7F9E-4DE2-8AA3-143DAF4D4807}"
EndProject
Project("{9A19103F-16F7-4668-BE54-9A1E7A4F7556}") = "Nanocode.Messaging.Kafka.Tests", "test\Nanocode.Messaging.Kafka.Tests\Nanocode.Messaging.Kafka.Tests.csproj", "{D8EE2848-6295-4BCB-BD03-A79B00963E9B}"
EndProject
Project("{9A19103F-16F7-4668-BE54-9A1E7A4F7556}") = "Nanocode.Messaging.NATS.Tests", "test\Nanocode.Messaging.NATS.Tests\Nanocode.Messaging.NATS.Tests.csproj", "{BE31CB84-E965-4AB1-A04A-B40F4044BE4E}"
EndProject
Project("{9A19103F-16F7-4668-BE54-9A1E7A4F7556}") = "Nanocode.Messaging.RabbitMQ.Tests", "test\Nanocode.Messaging.RabbitMQ.Tests\Nanocode.Messaging.RabbitMQ.Tests.csproj", "{557BE8DE-0F2F-4091-AB0A-11C0B2FED4F3}"
EndProject
Project("{9A19103F-16F7-4668-BE54-9A1E7A4F7556}") = "Nanocode.Messaging.Redis.Tests", "test\Nanocode.Messaging.Redis.Tests\Nanocode.Messaging.Redis.Tests.csproj", "{5D6C45E6-2353-458D-8111-E80B41CFE1E5}"
EndProject
Project("{9A19103F-16F7-4668-BE54-9A1E7A4F7556}") = "Nanocode.Messaging.ServiceBus.Tests", "test\Nanocode.Messaging.ServiceBus.Tests\Nanocode.Messaging.ServiceBus.Tests.csproj", "{5A04996D-04FE-4112-9C32-185BCEA56B61}"
EndProject
Project("{2150E333-8FDC-42A3-9474-1A3956D46DE8}") = "docs", "docs", "{0CEC2FCE-04C8-433E-AB8F-541C83A6B548}"
EndProject
Global
	GlobalSection(SolutionConfigurationPlatforms) = preSolution
		Debug|Any CPU = Debug|Any CPU
		Release|Any CPU = Release|Any CPU
	EndGlobalSection
	GlobalSection(ProjectConfigurationPlatforms) = postSolution
		{62D78D6A-32A4-4ABA-B899-C4C7045F9E2A}.Debug|Any CPU.ActiveCfg = Debug|Any CPU
		{62D78D6A-32A4-4ABA-B899-C4C7045F9E2A}.Debug|Any CPU.Build.0 = Debug|Any CPU
		{62D78D6A-32A4-4ABA-B899-C4C7045F9E2A}.Release|Any CPU.ActiveCfg = Release|Any CPU
		{62D78D6A-32A4-4ABA-B899-C4C7045F9E2A}.Release|Any CPU.Build.0 = Release|Any CPU
		{AF0A83EC-F8CF-4D5D-977E-774DE51831FE}.Debug|Any CPU.ActiveCfg = Debug|Any CPU
		{AF0A83EC-F8CF-4D5D-977E-774DE51831FE}.Debug|Any CPU.Build.0 = Debug|Any CPU
		{AF0A83EC-F8CF-4D5D-977E-774DE51831FE}.Release|Any CPU.ActiveCfg = Release|Any CPU
		{AF0A83EC-F8CF-4D5D-977E-774DE51831FE}.Release|Any CPU.Build.0 = Release|Any CPU
		{3FBA1F42-3700-4E60-961D-201A91150740}.Debug|Any CPU.ActiveCfg = Debug|Any CPU
		{3FBA1F42-3700-4E60-961D-201A91150740}.Debug|Any CPU.Build.0 = Debug|Any CPU
		{3FBA1F42-3700-4E60-961D-201A91150740}.Release|Any CPU.ActiveCfg = Release|Any CPU
		{3FBA1F42-3700-4E60-961D-201A91150740}.Release|Any CPU.Build.0 = Release|Any CPU
		{119EE7F0-08B9-4697-85FF-35A5BD323F45}.Debug|Any CPU.ActiveCfg = Debug|Any CPU
		{119EE7F0-08B9-4697-85FF-35A5BD323F45}.Debug|Any CPU.Build.0 = Debug|Any CPU
		{119EE7F0-08B9-4697-85FF-35A5BD323F45}.Release|Any CPU.ActiveCfg = Release|Any CPU
		{119EE7F0-08B9-4697-85FF-35A5BD323F45}.Release|Any CPU.Build.0 = Release|Any CPU
		{4AC70F3A-AE19-4AAD-B246-DEEC6ADFAAF9}.Debug|Any CPU.ActiveCfg = Debug|Any CPU
		{4AC70F3A-AE19-4AAD-B246-DEEC6ADFAAF9}.Debug|Any CPU.Build.0 = Debug|Any CPU
		{4AC70F3A-AE19-4AAD-B246-DEEC6ADFAAF9}.Release|Any CPU.ActiveCfg = Release|Any CPU
		{4AC70F3A-AE19-4AAD-B246-DEEC6ADFAAF9}.Release|Any CPU.Build.0 = Release|Any CPU
		{D3CEEA77-4FE3-456E-A79C-9C8EC3E439EA}.Debug|Any CPU.ActiveCfg = Debug|Any CPU
		{D3CEEA77-4FE3-456E-A79C-9C8EC3E439EA}.Debug|Any CPU.Build.0 = Debug|Any CPU
		{D3CEEA77-4FE3-456E-A79C-9C8EC3E439EA}.Release|Any CPU.ActiveCfg = Release|Any CPU
		{D3CEEA77-4FE3-456E-A79C-9C8EC3E439EA}.Release|Any CPU.Build.0 = Release|Any CPU
		{5911F991-2F86-4F6F-8280-939F6CC7BAAD}.Debug|Any CPU.ActiveCfg = Debug|Any CPU
		{5911F991-2F86-4F6F-8280-939F6CC7BAAD}.Debug|Any CPU.Build.0 = Debug|Any CPU
		{5911F991-2F86-4F6F-8280-939F6CC7BAAD}.Release|Any CPU.ActiveCfg = Release|Any CPU
		{5911F991-2F86-4F6F-8280-939F6CC7BAAD}.Release|Any CPU.Build.0 = Release|Any CPU
		{63402CEE-954D-4CBE-B385-A8D8A0C40964}.Debug|Any CPU.ActiveCfg = Debug|Any CPU
		{63402CEE-954D-4CBE-B385-A8D8A0C40964}.Debug|Any CPU.Build.0 = Debug|Any CPU
		{63402CEE-954D-4CBE-B385-A8D8A0C40964}.Release|Any CPU.ActiveCfg = Release|Any CPU
		{63402CEE-954D-4CBE-B385-A8D8A0C40964}.Release|Any CPU.Build.0 = Release|Any CPU
		{0389C12E-D1A7-49C8-9A01-5B46840657B3}.Debug|Any CPU.ActiveCfg = Debug|Any CPU
		{0389C12E-D1A7-49C8-9A01-5B46840657B3}.Debug|Any CPU.Build.0 = Debug|Any CPU
		{0389C12E-D1A7-49C8-9A01-5B46840657B3}.Release|Any CPU.ActiveCfg = Release|Any CPU
		{0389C12E-D1A7-49C8-9A01-5B46840657B3}.Release|Any CPU.Build.0 = Release|Any CPU
		{27377A45-9560-40F3-AD17-CEFB566639E8}.Debug|Any CPU.ActiveCfg = Debug|Any CPU
		{27377A45-9560-40F3-AD17-CEFB566639E8}.Debug|Any CPU.Build.0 = Debug|Any CPU
		{27377A45-9560-40F3-AD17-CEFB566639E8}.Release|Any CPU.ActiveCfg = Release|Any CPU
		{27377A45-9560-40F3-AD17-CEFB566639E8}.Release|Any CPU.Build.0 = Release|Any CPU
		{6F1ADC25-7F9E-4DE2-8AA3-143DAF4D4807}.Debug|Any CPU.ActiveCfg = Debug|Any CPU
		{6F1ADC25-7F9E-4DE2-8AA3-143DAF4D4807}.Debug|Any CPU.Build.0 = Debug|Any CPU
		{6F1ADC25-7F9E-4DE2-8AA3-143DAF4D4807}.Release|Any CPU.ActiveCfg = Release|Any CPU
		{6F1ADC25-7F9E-4DE2-8AA3-143DAF4D4807}.Release|Any CPU.Build.0 = Release|Any CPU
		{D8EE2848-6295-4BCB-BD03-A79B00963E9B}.Debug|Any CPU.ActiveCfg = Debug|Any CPU
		{D8EE2848-6295-4BCB-BD03-A79B00963E9B}.Debug|Any CPU.Build.0 = Debug|Any CPU
		{D8EE2848-6295-4BCB-BD03-A79B00963E9B}.Release|Any CPU.ActiveCfg = Release|Any CPU
		{D8EE2848-6295-4BCB-BD03-A79B00963E9B}.Release|Any CPU.Build.0 = Release|Any CPU
		{BE31CB84-E965-4AB1-A04A-B40F4044BE4E}.Debug|Any CPU.ActiveCfg = Debug|Any CPU
		{BE31CB84-E965-4AB1-A04A-B40F4044BE4E}.Debug|Any CPU.Build.0 = Debug|Any CPU
		{BE31CB84-E965-4AB1-A04A-B40F4044BE4E}.Release|Any CPU.ActiveCfg = Release|Any CPU
		{BE31CB84-E965-4AB1-A04A-B40F4044BE4E}.Release|Any CPU.Build.0 = Release|Any CPU
		{557BE8DE-0F2F-4091-AB0A-11C0B2FED4F3}.Debug|Any CPU.ActiveCfg = Debug|Any CPU
		{557BE8DE-0F2F-4091-AB0A-11C0B2FED4F3}.Debug|Any CPU.Build.0 = Debug|Any CPU
		{557BE8DE-0F2F-4091-AB0A-11C0B2FED4F3}.Release|Any CPU.ActiveCfg = Release|Any CPU
		{557BE8DE-0F2F-4091-AB0A-11C0B2FED4F3}.Release|Any CPU.Build.0 = Release|Any CPU
		{5D6C45E6-2353-458D-8111-E80B41CFE1E5}.Debug|Any CPU.ActiveCfg = Debug|Any CPU
		{5D6C45E6-2353-458D-8111-E80B41CFE1E5}.Debug|Any CPU.Build.0 = Debug|Any CPU
		{5D6C45E6-2353-458D-8111-E80B41CFE1E5}.Release|Any CPU.ActiveCfg = Release|Any CPU
		{5D6C45E6-2353-458D-8111-E80B41CFE1E5}.Release|Any CPU.Build.0 = Release|Any CPU
		{5A04996D-04FE-4112-9C32-185BCEA56B61}.Debug|Any CPU.ActiveCfg = Debug|Any CPU
		{5A04996D-04FE-4112-9C32-185BCEA56B61}.Debug|Any CPU.Build.0 = Debug|Any CPU
		{5A04996D-04FE-4112-9C32-185BCEA56B61}.Release|Any CPU.ActiveCfg = Release|Any CPU
		{5A04996D-04FE-4112-9C32-185BCEA56B61}.Release|Any CPU.Build.0 = Release|Any CPU
	EndGlobalSection
	GlobalSection(SolutionProperties) = preSolution
		HideSolutionNode = FALSE
	EndGlobalSection
	GlobalSection(NestedProjects) = preSolution
		{62D78D6A-32A4-4ABA-B899-C4C7045F9E2A} = {86EBD278-60A1-4C4F-8883-789961E28323}
		{AF0A83EC-F8CF-4D5D-977E-774DE51831FE} = {86EBD278-60A1-4C4F-8883-789961E28323}
		{3FBA1F42-3700-4E60-961D-201A91150740} = {86EBD278-60A1-4C4F-8883-789961E28323}
		{119EE7F0-08B9-4697-85FF-35A5BD323F45} = {86EBD278-60A1-4C4F-8883-789961E28323}
		{4AC70F3A-AE19-4AAD-B246-DEEC6ADFAAF9} = {86EBD278-60A1-4C4F-8883-789961E28323}
		{D3CEEA77-4FE3-456E-A79C-9C8EC3E439EA} = {86EBD278-60A1-4C4F-8883-789961E28323}
		{5911F991-2F86-4F6F-8280-939F6CC7BAAD} = {A293D8B4-3EBD-4890-A72C-630C2D4A301B}
		{63402CEE-954D-4CBE-B385-A8D8A0C40964} = {A293D8B4-3EBD-4890-A72C-630C2D4A301B}
		{0389C12E-D1A7-49C8-9A01-5B46840657B3} = {A293D8B4-3EBD-4890-A72C-630C2D4A301B}
		{27377A45-9560-40F3-AD17-CEFB566639E8} = {A293D8B4-3EBD-4890-A72C-630C2D4A301B}
		{6F1ADC25-7F9E-4DE2-8AA3-143DAF4D4807} = {FF7CE6CE-3792-4898-AFA8-09BF581D6E5D}
		{D8EE2848-6295-4BCB-BD03-A79B00963E9B} = {FF7CE6CE-3792-4898-AFA8-09BF581D6E5D}
		{BE31CB84-E965-4AB1-A04A-B40F4044BE4E} = {FF7CE6CE-3792-4898-AFA8-09BF581D6E5D}
		{557BE8DE-0F2F-4091-AB0A-11C0B2FED4F3} = {FF7CE6CE-3792-4898-AFA8-09BF581D6E5D}
		{5D6C45E6-2353-458D-8111-E80B41CFE1E5} = {FF7CE6CE-3792-4898-AFA8-09BF581D6E5D}
		{5A04996D-04FE-4112-9C32-185BCEA56B61} = {FF7CE6CE-3792-4898-AFA8-09BF581D6E5D}
	EndGlobalSection
	GlobalSection(ExtensibilityGlobals) = postSolution
		SolutionGuid = {8592E19E-8D32-413E-9DC9-AD5668D1C9D7}
	EndGlobalSection
EndGlobal
